
Microsoft Visual Studio Solution File, Format Version 12.00
# Visual Studio Version 16
VisualStudioVersion = 16.0.30011.22
MinimumVisualStudioVersion = 10.0.40219.1
Project("{FAE04EC0-301F-11D3-BF4B-00C04F79EFBC}") = "Parcial1-Ap2-Padilla", "Parcial1-Ap2-Padilla\Parcial1-Ap2-Padilla.csproj", "{DA2EC726-9CF6-4EA7-A86D-C9EA600DEA85}"
EndProject
Project("{FAE04EC0-301F-11D3-BF4B-00C04F79EFBC}") = "Parcial1-Ap2-PadillaTests", "Parcial1-Ap2-PadillaTests\Parcial1-Ap2-PadillaTests.csproj", "{4E68F4E7-772D-4FC7-9F0E-90C196317766}"
EndProject
Global
	GlobalSection(SolutionConfigurationPlatforms) = preSolution
		Debug|Any CPU = Debug|Any CPU
		Release|Any CPU = Release|Any CPU
	EndGlobalSection
	GlobalSection(ProjectConfigurationPlatforms) = postSolution
		{DA2EC726-9CF6-4EA7-A86D-C9EA600DEA85}.Debug|Any CPU.ActiveCfg = Debug|Any CPU
		{DA2EC726-9CF6-4EA7-A86D-C9EA600DEA85}.Debug|Any CPU.Build.0 = Debug|Any CPU
		{DA2EC726-9CF6-4EA7-A86D-C9EA600DEA85}.Release|Any CPU.ActiveCfg = Release|Any CPU
		{DA2EC726-9CF6-4EA7-A86D-C9EA600DEA85}.Release|Any CPU.Build.0 = Release|Any CPU
		{4E68F4E7-772D-4FC7-9F0E-90C196317766}.Debug|Any CPU.ActiveCfg = Debug|Any CPU
		{4E68F4E7-772D-4FC7-9F0E-90C196317766}.Debug|Any CPU.Build.0 = Debug|Any CPU
		{4E68F4E7-772D-4FC7-9F0E-90C196317766}.Release|Any CPU.ActiveCfg = Release|Any CPU
		{4E68F4E7-772D-4FC7-9F0E-90C196317766}.Release|Any CPU.Build.0 = Release|Any CPU
	EndGlobalSection
	GlobalSection(SolutionProperties) = preSolution
		HideSolutionNode = FALSE
	EndGlobalSection
	GlobalSection(ExtensibilityGlobals) = postSolution
		SolutionGuid = {7D94D86C-EA0C-4465-9AED-3F9723559F88}
	EndGlobalSection
EndGlobal
